// !$*UTF8*$!
{
	archiveVersion = 1;
	classes = {
	};
	objectVersion = 46;
	objects = {

/* Begin PBXBuildFile section */
		03134F9D87F6521E3411D6CA /* libPods.a in Frameworks */ = {isa = PBXBuildFile; fileRef = 145C80A825906F7BA7AF4F7E /* libPods.a */; };
		073A49F71A81DC1B00DF5935 /* MovieTableViewCell.m in Sources */ = {isa = PBXBuildFile; fileRef = 073A49F51A81DC1B00DF5935 /* MovieTableViewCell.m */; };
		073A49F81A81DC1B00DF5935 /* MovieTableViewCell.xib in Resources */ = {isa = PBXBuildFile; fileRef = 073A49F61A81DC1B00DF5935 /* MovieTableViewCell.xib */; };
		073A49FC1A81DE4200DF5935 /* RottenTomatoesService.m in Sources */ = {isa = PBXBuildFile; fileRef = 073A49FB1A81DE4200DF5935 /* RottenTomatoesService.m */; };
		076169071A809F8900C67B93 /* main.m in Sources */ = {isa = PBXBuildFile; fileRef = 076169061A809F8900C67B93 /* main.m */; };
		0761690A1A809F8900C67B93 /* AppDelegate.m in Sources */ = {isa = PBXBuildFile; fileRef = 076169091A809F8900C67B93 /* AppDelegate.m */; };
		076169121A809F8900C67B93 /* Images.xcassets in Resources */ = {isa = PBXBuildFile; fileRef = 076169111A809F8900C67B93 /* Images.xcassets */; };
		076169151A809F8900C67B93 /* LaunchScreen.xib in Resources */ = {isa = PBXBuildFile; fileRef = 076169131A809F8900C67B93 /* LaunchScreen.xib */; };
		076169211A809F8900C67B93 /* rottenTomatoesTests.m in Sources */ = {isa = PBXBuildFile; fileRef = 076169201A809F8900C67B93 /* rottenTomatoesTests.m */; };
		0761692D1A80A3D800C67B93 /* MovieListViewController.m in Sources */ = {isa = PBXBuildFile; fileRef = 0761692B1A80A3D800C67B93 /* MovieListViewController.m */; };
		0761692E1A80A3D800C67B93 /* MovieListViewController.xib in Resources */ = {isa = PBXBuildFile; fileRef = 0761692C1A80A3D800C67B93 /* MovieListViewController.xib */; };
		07B9D5741A83D650005B29D6 /* MovieCollectionViewCell.m in Sources */ = {isa = PBXBuildFile; fileRef = 07B9D5721A83D650005B29D6 /* MovieCollectionViewCell.m */; };
		07B9D5751A83D650005B29D6 /* MovieCollectionViewCell.xib in Resources */ = {isa = PBXBuildFile; fileRef = 07B9D5731A83D650005B29D6 /* MovieCollectionViewCell.xib */; };
/* End PBXBuildFile section */

/* Begin PBXContainerItemProxy section */
		0761691B1A809F8900C67B93 /* PBXContainerItemProxy */ = {
			isa = PBXContainerItemProxy;
			containerPortal = 076168F91A809F8900C67B93 /* Project object */;
			proxyType = 1;
			remoteGlobalIDString = 076169001A809F8900C67B93;
			remoteInfo = rottenTomatoes;
		};
/* End PBXContainerItemProxy section */

/* Begin PBXFileReference section */
		073A49F41A81DC1B00DF5935 /* MovieTableViewCell.h */ = {isa = PBXFileReference; fileEncoding = 4; lastKnownFileType = sourcecode.c.h; path = MovieTableViewCell.h; sourceTree = "<group>"; };
		073A49F51A81DC1B00DF5935 /* MovieTableViewCell.m */ = {isa = PBXFileReference; fileEncoding = 4; lastKnownFileType = sourcecode.c.objc; path = MovieTableViewCell.m; sourceTree = "<group>"; };
		073A49F61A81DC1B00DF5935 /* MovieTableViewCell.xib */ = {isa = PBXFileReference; fileEncoding = 4; lastKnownFileType = file.xib; path = MovieTableViewCell.xib; sourceTree = "<group>"; };
		073A49FA1A81DE4200DF5935 /* RottenTomatoesService.h */ = {isa = PBXFileReference; fileEncoding = 4; lastKnownFileType = sourcecode.c.h; path = RottenTomatoesService.h; sourceTree = "<group>"; };
		073A49FB1A81DE4200DF5935 /* RottenTomatoesService.m */ = {isa = PBXFileReference; fileEncoding = 4; lastKnownFileType = sourcecode.c.objc; path = RottenTomatoesService.m; sourceTree = "<group>"; };
		076169011A809F8900C67B93 /* rottenTomatoes.app */ = {isa = PBXFileReference; explicitFileType = wrapper.application; includeInIndex = 0; path = rottenTomatoes.app; sourceTree = BUILT_PRODUCTS_DIR; };
		076169051A809F8900C67B93 /* Info.plist */ = {isa = PBXFileReference; lastKnownFileType = text.plist.xml; path = Info.plist; sourceTree = "<group>"; };
		076169061A809F8900C67B93 /* main.m */ = {isa = PBXFileReference; lastKnownFileType = sourcecode.c.objc; path = main.m; sourceTree = "<group>"; };
		076169081A809F8900C67B93 /* AppDelegate.h */ = {isa = PBXFileReference; lastKnownFileType = sourcecode.c.h; path = AppDelegate.h; sourceTree = "<group>"; };
		076169091A809F8900C67B93 /* AppDelegate.m */ = {isa = PBXFileReference; lastKnownFileType = sourcecode.c.objc; path = AppDelegate.m; sourceTree = "<group>"; };
		076169111A809F8900C67B93 /* Images.xcassets */ = {isa = PBXFileReference; lastKnownFileType = folder.assetcatalog; path = Images.xcassets; sourceTree = "<group>"; };
		076169141A809F8900C67B93 /* Base */ = {isa = PBXFileReference; lastKnownFileType = file.xib; name = Base; path = Base.lproj/LaunchScreen.xib; sourceTree = "<group>"; };
		0761691A1A809F8900C67B93 /* rottenTomatoesTests.xctest */ = {isa = PBXFileReference; explicitFileType = wrapper.cfbundle; includeInIndex = 0; path = rottenTomatoesTests.xctest; sourceTree = BUILT_PRODUCTS_DIR; };
		0761691F1A809F8900C67B93 /* Info.plist */ = {isa = PBXFileReference; lastKnownFileType = text.plist.xml; path = Info.plist; sourceTree = "<group>"; };
		076169201A809F8900C67B93 /* rottenTomatoesTests.m */ = {isa = PBXFileReference; lastKnownFileType = sourcecode.c.objc; path = rottenTomatoesTests.m; sourceTree = "<group>"; };
		0761692A1A80A3D800C67B93 /* MovieListViewController.h */ = {isa = PBXFileReference; fileEncoding = 4; lastKnownFileType = sourcecode.c.h; path = MovieListViewController.h; sourceTree = "<group>"; };
		0761692B1A80A3D800C67B93 /* MovieListViewController.m */ = {isa = PBXFileReference; fileEncoding = 4; lastKnownFileType = sourcecode.c.objc; path = MovieListViewController.m; sourceTree = "<group>"; };
		0761692C1A80A3D800C67B93 /* MovieListViewController.xib */ = {isa = PBXFileReference; fileEncoding = 4; lastKnownFileType = file.xib; path = MovieListViewController.xib; sourceTree = "<group>"; };
		07B9D5711A83D650005B29D6 /* MovieCollectionViewCell.h */ = {isa = PBXFileReference; fileEncoding = 4; lastKnownFileType = sourcecode.c.h; path = MovieCollectionViewCell.h; sourceTree = "<group>"; };
		07B9D5721A83D650005B29D6 /* MovieCollectionViewCell.m */ = {isa = PBXFileReference; fileEncoding = 4; lastKnownFileType = sourcecode.c.objc; path = MovieCollectionViewCell.m; sourceTree = "<group>"; };
		07B9D5731A83D650005B29D6 /* MovieCollectionViewCell.xib */ = {isa = PBXFileReference; fileEncoding = 4; lastKnownFileType = file.xib; path = MovieCollectionViewCell.xib; sourceTree = "<group>"; };
		145C80A825906F7BA7AF4F7E /* libPods.a */ = {isa = PBXFileReference; explicitFileType = archive.ar; includeInIndex = 0; path = libPods.a; sourceTree = BUILT_PRODUCTS_DIR; };
		2BA3677915C0578B4559411A /* Pods.release.xcconfig */ = {isa = PBXFileReference; includeInIndex = 1; lastKnownFileType = text.xcconfig; name = Pods.release.xcconfig; path = "Pods/Target Support Files/Pods/Pods.release.xcconfig"; sourceTree = "<group>"; };
		A53D27564F4020B99CB9C180 /* Pods.debug.xcconfig */ = {isa = PBXFileReference; includeInIndex = 1; lastKnownFileType = text.xcconfig; name = Pods.debug.xcconfig; path = "Pods/Target Support Files/Pods/Pods.debug.xcconfig"; sourceTree = "<group>"; };
/* End PBXFileReference section */

/* Begin PBXFrameworksBuildPhase section */
		076168FE1A809F8900C67B93 /* Frameworks */ = {
			isa = PBXFrameworksBuildPhase;
			buildActionMask = 2147483647;
			files = (
				03134F9D87F6521E3411D6CA /* libPods.a in Frameworks */,
			);
			runOnlyForDeploymentPostprocessing = 0;
		};
		076169171A809F8900C67B93 /* Frameworks */ = {
			isa = PBXFrameworksBuildPhase;
			buildActionMask = 2147483647;
			files = (
			);
			runOnlyForDeploymentPostprocessing = 0;
		};
/* End PBXFrameworksBuildPhase section */

/* Begin PBXGroup section */
		073A49F11A81D5BA00DF5935 /* View */ = {
			isa = PBXGroup;
			children = (
				073A49F41A81DC1B00DF5935 /* MovieTableViewCell.h */,
				073A49F51A81DC1B00DF5935 /* MovieTableViewCell.m */,
				073A49F61A81DC1B00DF5935 /* MovieTableViewCell.xib */,
				07B9D5711A83D650005B29D6 /* MovieCollectionViewCell.h */,
				07B9D5721A83D650005B29D6 /* MovieCollectionViewCell.m */,
				07B9D5731A83D650005B29D6 /* MovieCollectionViewCell.xib */,
			);
			name = View;
			sourceTree = "<group>";
		};
		073A49F91A81DE0900DF5935 /* API */ = {
			isa = PBXGroup;
			children = (
				073A49FA1A81DE4200DF5935 /* RottenTomatoesService.h */,
				073A49FB1A81DE4200DF5935 /* RottenTomatoesService.m */,
			);
			name = API;
			sourceTree = "<group>";
		};
		076168F81A809F8900C67B93 = {
			isa = PBXGroup;
			children = (
				076169031A809F8900C67B93 /* rottenTomatoes */,
				0761691D1A809F8900C67B93 /* rottenTomatoesTests */,
				076169021A809F8900C67B93 /* Products */,
				1B88D348CC9A9BFC54B39069 /* Pods */,
				205B4182284D184787A07022 /* Frameworks */,
			);
			sourceTree = "<group>";
		};
		076169021A809F8900C67B93 /* Products */ = {
			isa = PBXGroup;
			children = (
				076169011A809F8900C67B93 /* rottenTomatoes.app */,
				0761691A1A809F8900C67B93 /* rottenTomatoesTests.xctest */,
			);
			name = Products;
			sourceTree = "<group>";
		};
		076169031A809F8900C67B93 /* rottenTomatoes */ = {
			isa = PBXGroup;
			children = (
				073A49F91A81DE0900DF5935 /* API */,
				073A49F11A81D5BA00DF5935 /* View */,
				0761692F1A80A3DF00C67B93 /* ViewController */,
				076169081A809F8900C67B93 /* AppDelegate.h */,
				076169091A809F8900C67B93 /* AppDelegate.m */,
				076169111A809F8900C67B93 /* Images.xcassets */,
				076169131A809F8900C67B93 /* LaunchScreen.xib */,
				076169041A809F8900C67B93 /* Supporting Files */,
			);
			path = rottenTomatoes;
			sourceTree = "<group>";
		};
		076169041A809F8900C67B93 /* Supporting Files */ = {
			isa = PBXGroup;
			children = (
				076169051A809F8900C67B93 /* Info.plist */,
				076169061A809F8900C67B93 /* main.m */,
			);
			name = "Supporting Files";
			sourceTree = "<group>";
		};
		0761691D1A809F8900C67B93 /* rottenTomatoesTests */ = {
			isa = PBXGroup;
			children = (
				076169201A809F8900C67B93 /* rottenTomatoesTests.m */,
				0761691E1A809F8900C67B93 /* Supporting Files */,
			);
			path = rottenTomatoesTests;
			sourceTree = "<group>";
		};
		0761691E1A809F8900C67B93 /* Supporting Files */ = {
			isa = PBXGroup;
			children = (
				0761691F1A809F8900C67B93 /* Info.plist */,
			);
			name = "Supporting Files";
			sourceTree = "<group>";
		};
		0761692F1A80A3DF00C67B93 /* ViewController */ = {
			isa = PBXGroup;
			children = (
				0761692A1A80A3D800C67B93 /* MovieListViewController.h */,
				0761692B1A80A3D800C67B93 /* MovieListViewController.m */,
				0761692C1A80A3D800C67B93 /* MovieListViewController.xib */,
			);
			name = ViewController;
			sourceTree = "<group>";
		};
		1B88D348CC9A9BFC54B39069 /* Pods */ = {
			isa = PBXGroup;
			children = (
				A53D27564F4020B99CB9C180 /* Pods.debug.xcconfig */,
				2BA3677915C0578B4559411A /* Pods.release.xcconfig */,
			);
			name = Pods;
			sourceTree = "<group>";
		};
		205B4182284D184787A07022 /* Frameworks */ = {
			isa = PBXGroup;
			children = (
				145C80A825906F7BA7AF4F7E /* libPods.a */,
			);
			name = Frameworks;
			sourceTree = "<group>";
		};
/* End PBXGroup section */

/* Begin PBXNativeTarget section */
		076169001A809F8900C67B93 /* rottenTomatoes */ = {
			isa = PBXNativeTarget;
			buildConfigurationList = 076169241A809F8900C67B93 /* Build configuration list for PBXNativeTarget "rottenTomatoes" */;
			buildPhases = (
				D2356B6028EE5A012A7AB73E /* Check Pods Manifest.lock */,
				076168FD1A809F8900C67B93 /* Sources */,
				076168FE1A809F8900C67B93 /* Frameworks */,
				076168FF1A809F8900C67B93 /* Resources */,
				49E17526B6F48CDD19D9B2CF /* Copy Pods Resources */,
			);
			buildRules = (
			);
			dependencies = (
			);
			name = rottenTomatoes;
			productName = rottenTomatoes;
			productReference = 076169011A809F8900C67B93 /* rottenTomatoes.app */;
			productType = "com.apple.product-type.application";
		};
		076169191A809F8900C67B93 /* rottenTomatoesTests */ = {
			isa = PBXNativeTarget;
			buildConfigurationList = 076169271A809F8900C67B93 /* Build configuration list for PBXNativeTarget "rottenTomatoesTests" */;
			buildPhases = (
				076169161A809F8900C67B93 /* Sources */,
				076169171A809F8900C67B93 /* Frameworks */,
				076169181A809F8900C67B93 /* Resources */,
			);
			buildRules = (
			);
			dependencies = (
				0761691C1A809F8900C67B93 /* PBXTargetDependency */,
			);
			name = rottenTomatoesTests;
			productName = rottenTomatoesTests;
			productReference = 0761691A1A809F8900C67B93 /* rottenTomatoesTests.xctest */;
			productType = "com.apple.product-type.bundle.unit-test";
		};
/* End PBXNativeTarget section */

/* Begin PBXProject section */
		076168F91A809F8900C67B93 /* Project object */ = {
			isa = PBXProject;
			attributes = {
				LastUpgradeCheck = 0610;
				ORGANIZATIONNAME = "Ke Huang";
				TargetAttributes = {
					076169001A809F8900C67B93 = {
						CreatedOnToolsVersion = 6.1.1;
					};
					076169191A809F8900C67B93 = {
						CreatedOnToolsVersion = 6.1.1;
						TestTargetID = 076169001A809F8900C67B93;
					};
				};
			};
			buildConfigurationList = 076168FC1A809F8900C67B93 /* Build configuration list for PBXProject "rottenTomatoes" */;
			compatibilityVersion = "Xcode 3.2";
			developmentRegion = English;
			hasScannedForEncodings = 0;
			knownRegions = (
				en,
				Base,
			);
			mainGroup = 076168F81A809F8900C67B93;
			productRefGroup = 076169021A809F8900C67B93 /* Products */;
			projectDirPath = "";
			projectRoot = "";
			targets = (
				076169001A809F8900C67B93 /* rottenTomatoes */,
				076169191A809F8900C67B93 /* rottenTomatoesTests */,
			);
		};
/* End PBXProject section */

/* Begin PBXResourcesBuildPhase section */
		076168FF1A809F8900C67B93 /* Resources */ = {
			isa = PBXResourcesBuildPhase;
			buildActionMask = 2147483647;
			files = (
				07B9D5751A83D650005B29D6 /* MovieCollectionViewCell.xib in Resources */,
				0761692E1A80A3D800C67B93 /* MovieListViewController.xib in Resources */,
				076169151A809F8900C67B93 /* LaunchScreen.xib in Resources */,
				073A49F81A81DC1B00DF5935 /* MovieTableViewCell.xib in Resources */,
				076169121A809F8900C67B93 /* Images.xcassets in Resources */,
			);
			runOnlyForDeploymentPostprocessing = 0;
		};
		076169181A809F8900C67B93 /* Resources */ = {
			isa = PBXResourcesBuildPhase;
			buildActionMask = 2147483647;
			files = (
			);
			runOnlyForDeploymentPostprocessing = 0;
		};
/* End PBXResourcesBuildPhase section */

/* Begin PBXShellScriptBuildPhase section */
		49E17526B6F48CDD19D9B2CF /* Copy Pods Resources */ = {
			isa = PBXShellScriptBuildPhase;
			buildActionMask = 2147483647;
			files = (
			);
			inputPaths = (
			);
			name = "Copy Pods Resources";
			outputPaths = (
			);
			runOnlyForDeploymentPostprocessing = 0;
			shellPath = /bin/sh;
			shellScript = "\"${SRCROOT}/Pods/Target Support Files/Pods/Pods-resources.sh\"\n";
			showEnvVarsInLog = 0;
		};
		D2356B6028EE5A012A7AB73E /* Check Pods Manifest.lock */ = {
			isa = PBXShellScriptBuildPhase;
			buildActionMask = 2147483647;
			files = (
			);
			inputPaths = (
			);
			name = "Check Pods Manifest.lock";
			outputPaths = (
			);
			runOnlyForDeploymentPostprocessing = 0;
			shellPath = /bin/sh;
			shellScript = "diff \"${PODS_ROOT}/../Podfile.lock\" \"${PODS_ROOT}/Manifest.lock\" > /dev/null\nif [[ $? != 0 ]] ; then\n    cat << EOM\nerror: The sandbox is not in sync with the Podfile.lock. Run 'pod install' or update your CocoaPods installation.\nEOM\n    exit 1\nfi\n";
			showEnvVarsInLog = 0;
		};
/* End PBXShellScriptBuildPhase section */

/* Begin PBXSourcesBuildPhase section */
		076168FD1A809F8900C67B93 /* Sources */ = {
			isa = PBXSourcesBuildPhase;
			buildActionMask = 2147483647;
			files = (
				0761690A1A809F8900C67B93 /* AppDelegate.m in Sources */,
				073A49FC1A81DE4200DF5935 /* RottenTomatoesService.m in Sources */,
				0761692D1A80A3D800C67B93 /* MovieListViewController.m in Sources */,
				073A49F71A81DC1B00DF5935 /* MovieTableViewCell.m in Sources */,
				076169071A809F8900C67B93 /* main.m in Sources */,
				07B9D5741A83D650005B29D6 /* MovieCollectionViewCell.m in Sources */,
			);
			runOnlyForDeploymentPostprocessing = 0;
		};
		076169161A809F8900C67B93 /* Sources */ = {
			isa = PBXSourcesBuildPhase;
			buildActionMask = 2147483647;
			files = (
				076169211A809F8900C67B93 /* rottenTomatoesTests.m in Sources */,
			);
			runOnlyForDeploymentPostprocessing = 0;
		};
/* End PBXSourcesBuildPhase section */

/* Begin PBXTargetDependency section */
		0761691C1A809F8900C67B93 /* PBXTargetDependency */ = {
			isa = PBXTargetDependency;
			target = 076169001A809F8900C67B93 /* rottenTomatoes */;
			targetProxy = 0761691B1A809F8900C67B93 /* PBXContainerItemProxy */;
		};
/* End PBXTargetDependency section */

/* Begin PBXVariantGroup section */
		076169131A809F8900C67B93 /* LaunchScreen.xib */ = {
			isa = PBXVariantGroup;
			children = (
				076169141A809F8900C67B93 /* Base */,
			);
			name = LaunchScreen.xib;
			sourceTree = "<group>";
		};
/* End PBXVariantGroup section */

/* Begin XCBuildConfiguration section */
		076169221A809F8900C67B93 /* Debug */ = {
			isa = XCBuildConfiguration;
			buildSettings = {
				ALWAYS_SEARCH_USER_PATHS = NO;
				CLANG_CXX_LANGUAGE_STANDARD = "gnu++0x";
				CLANG_CXX_LIBRARY = "libc++";
				CLANG_ENABLE_MODULES = YES;
				CLANG_ENABLE_OBJC_ARC = YES;
				CLANG_WARN_BOOL_CONVERSION = YES;
				CLANG_WARN_CONSTANT_CONVERSION = YES;
				CLANG_WARN_DIRECT_OBJC_ISA_USAGE = YES_ERROR;
				CLANG_WARN_EMPTY_BODY = YES;
				CLANG_WARN_ENUM_CONVERSION = YES;
				CLANG_WARN_INT_CONVERSION = YES;
				CLANG_WARN_OBJC_ROOT_CLASS = YES_ERROR;
				CLANG_WARN_UNREACHABLE_CODE = YES;
				CLANG_WARN__DUPLICATE_METHOD_MATCH = YES;
				"CODE_SIGN_IDENTITY[sdk=iphoneos*]" = "iPhone Developer";
				COPY_PHASE_STRIP = NO;
				ENABLE_STRICT_OBJC_MSGSEND = YES;
				GCC_C_LANGUAGE_STANDARD = gnu99;
				GCC_DYNAMIC_NO_PIC = NO;
				GCC_OPTIMIZATION_LEVEL = 0;
				GCC_PREPROCESSOR_DEFINITIONS = (
					"DEBUG=1",
					"$(inherited)",
				);
				GCC_SYMBOLS_PRIVATE_EXTERN = NO;
				GCC_WARN_64_TO_32_BIT_CONVERSION = YES;
				GCC_WARN_ABOUT_RETURN_TYPE = YES_ERROR;
				GCC_WARN_UNDECLARED_SELECTOR = YES;
				GCC_WARN_UNINITIALIZED_AUTOS = YES_AGGRESSIVE;
				GCC_WARN_UNUSED_FUNCTION = YES;
				GCC_WARN_UNUSED_VARIABLE = YES;
				IPHONEOS_DEPLOYMENT_TARGET = 8.1;
				MTL_ENABLE_DEBUG_INFO = YES;
				ONLY_ACTIVE_ARCH = YES;
				SDKROOT = iphoneos;
			};
			name = Debug;
		};
		076169231A809F8900C67B93 /* Release */ = {
			isa = XCBuildConfiguration;
			buildSettings = {
				ALWAYS_SEARCH_USER_PATHS = NO;
				CLANG_CXX_LANGUAGE_STANDARD = "gnu++0x";
				CLANG_CXX_LIBRARY = "libc++";
				CLANG_ENABLE_MODULES = YES;
				CLANG_ENABLE_OBJC_ARC = YES;
				CLANG_WARN_BOOL_CONVERSION = YES;
				CLANG_WARN_CONSTANT_CONVERSION = YES;
				CLANG_WARN_DIRECT_OBJC_ISA_USAGE = YES_ERROR;
				CLANG_WARN_EMPTY_BODY = YES;
				CLANG_WARN_ENUM_CONVERSION = YES;
				CLANG_WARN_INT_CONVERSION = YES;
				CLANG_WARN_OBJC_ROOT_CLASS = YES_ERROR;
				CLANG_WARN_UNREACHABLE_CODE = YES;
				CLANG_WARN__DUPLICATE_METHOD_MATCH = YES;
				"CODE_SIGN_IDENTITY[sdk=iphoneos*]" = "iPhone Developer";
				COPY_PHASE_STRIP = YES;
				ENABLE_NS_ASSERTIONS = NO;
				ENABLE_STRICT_OBJC_MSGSEND = YES;
				GCC_C_LANGUAGE_STANDARD = gnu99;
				GCC_WARN_64_TO_32_BIT_CONVERSION = YES;
				GCC_WARN_ABOUT_RETURN_TYPE = YES_ERROR;
				GCC_WARN_UNDECLARED_SELECTOR = YES;
				GCC_WARN_UNINITIALIZED_AUTOS = YES_AGGRESSIVE;
				GCC_WARN_UNUSED_FUNCTION = YES;
				GCC_WARN_UNUSED_VARIABLE = YES;
				IPHONEOS_DEPLOYMENT_TARGET = 8.1;
				MTL_ENABLE_DEBUG_INFO = NO;
				SDKROOT = iphoneos;
				VALIDATE_PRODUCT = YES;
			};
			name = Release;
		};
		076169251A809F8900C67B93 /* Debug */ = {
			isa = XCBuildConfiguration;
			baseConfigurationReference = A53D27564F4020B99CB9C180 /* Pods.debug.xcconfig */;
			buildSettings = {
				ASSETCATALOG_COMPILER_APPICON_NAME = AppIcon;
				INFOPLIST_FILE = rottenTomatoes/Info.plist;
				LD_RUNPATH_SEARCH_PATHS = "$(inherited) @executable_path/Frameworks";
				PRODUCT_NAME = "$(TARGET_NAME)";
			};
			name = Debug;
		};
		076169261A809F8900C67B93 /* Release */ = {
			isa = XCBuildConfiguration;
			baseConfigurationReference = 2BA3677915C0578B4559411A /* Pods.release.xcconfig */;
			buildSettings = {
				ASSETCATALOG_COMPILER_APPICON_NAME = AppIcon;
				INFOPLIST_FILE = rottenTomatoes/Info.plist;
				LD_RUNPATH_SEARCH_PATHS = "$(inherited) @executable_path/Frameworks";
				PRODUCT_NAME = "$(TARGET_NAME)";
			};
			name = Release;
		};
		076169281A809F8900C67B93 /* Debug */ = {
			isa = XCBuildConfiguration;
			buildSettings = {
				BUNDLE_LOADER = "$(TEST_HOST)";
				FRAMEWORK_SEARCH_PATHS = (
					"$(SDKROOT)/Developer/Library/Frameworks",
					"$(inherited)",
				);
				GCC_PREPROCESSOR_DEFINITIONS = (
					"DEBUG=1",
					"$(inherited)",
				);
				INFOPLIST_FILE = rottenTomatoesTests/Info.plist;
				LD_RUNPATH_SEARCH_PATHS = "$(inherited) @executable_path/Frameworks @loader_path/Frameworks";
				PRODUCT_NAME = "$(TARGET_NAME)";
				TEST_HOST = "$(BUILT_PRODUCTS_DIR)/rottenTomatoes.app/rottenTomatoes";
			};
			name = Debug;
		};
		076169291A809F8900C67B93 /* Release */ = {
			isa = XCBuildConfiguration;
			buildSettings = {
				BUNDLE_LOADER = "$(TEST_HOST)";
				FRAMEWORK_SEARCH_PATHS = (
					"$(SDKROOT)/Developer/Library/Frameworks",
					"$(inherited)",
				);
				INFOPLIST_FILE = rottenTomatoesTests/Info.plist;
				LD_RUNPATH_SEARCH_PATHS = "$(inherited) @executable_path/Frameworks @loader_path/Frameworks";
				PRODUCT_NAME = "$(TARGET_NAME)";
				TEST_HOST = "$(BUILT_PRODUCTS_DIR)/rottenTomatoes.app/rottenTomatoes";
			};
			name = Release;
		};
/* End XCBuildConfiguration section */

/* Begin XCConfigurationList section */
		076168FC1A809F8900C67B93 /* Build configuration list for PBXProject "rottenTomatoes" */ = {
			isa = XCConfigurationList;
			buildConfigurations = (
				076169221A809F8900C67B93 /* Debug */,
				076169231A809F8900C67B93 /* Release */,
			);
			defaultConfigurationIsVisible = 0;
			defaultConfigurationName = Release;
		};
		076169241A809F8900C67B93 /* Build configuration list for PBXNativeTarget "rottenTomatoes" */ = {
			isa = XCConfigurationList;
			buildConfigurations = (
				076169251A809F8900C67B93 /* Debug */,
				076169261A809F8900C67B93 /* Release */,
			);
			defaultConfigurationIsVisible = 0;
			defaultConfigurationName = Release;
		};
		076169271A809F8900C67B93 /* Build configuration list for PBXNativeTarget "rottenTomatoesTests" */ = {
			isa = XCConfigurationList;
			buildConfigurations = (
				076169281A809F8900C67B93 /* Debug */,
				076169291A809F8900C67B93 /* Release */,
			);
			defaultConfigurationIsVisible = 0;
			defaultConfigurationName = Release;
		};
/* End XCConfigurationList section */
	};
	rootObject = 076168F91A809F8900C67B93 /* Project object */;
}
